
Microsoft Visual Studio Solution File, Format Version 12.00
# Visual Studio 15
VisualStudioVersion = 15.0.28307.136
MinimumVisualStudioVersion = 10.0.40219.1
Project("{FAE04EC0-301F-11D3-BF4B-00C04F79EFBC}") = "AgeRetirement_and_StringExample", "AgeRetirement_and_StringExample\AgeRetirement_and_StringExample.csproj", "{3F872D43-B7D5-41DF-B21C-7CCAD5677743}"
EndProject
Global
	GlobalSection(SolutionConfigurationPlatforms) = preSolution
		Debug|Any CPU = Debug|Any CPU
		Release|Any CPU = Release|Any CPU
	EndGlobalSection
	GlobalSection(ProjectConfigurationPlatforms) = postSolution
		{3F872D43-B7D5-41DF-B21C-7CCAD5677743}.Debug|Any CPU.ActiveCfg = Debug|Any CPU
		{3F872D43-B7D5-41DF-B21C-7CCAD5677743}.Debug|Any CPU.Build.0 = Debug|Any CPU
		{3F872D43-B7D5-41DF-B21C-7CCAD5677743}.Release|Any CPU.ActiveCfg = Release|Any CPU
		{3F872D43-B7D5-41DF-B21C-7CCAD5677743}.Release|Any CPU.Build.0 = Release|Any CPU
	EndGlobalSection
	GlobalSection(SolutionProperties) = preSolution
		HideSolutionNode = FALSE
	EndGlobalSection
	GlobalSection(ExtensibilityGlobals) = postSolution
		SolutionGuid = {E142E1F2-0A47-49DD-92DD-0FE1DDE4F7AD}
	EndGlobalSection
EndGlobal
